// !$*UTF8*$!
{
	archiveVersion = 1;
	classes = {
	};
	objectVersion = 46;
	objects = {

/* Begin PBXBuildFile section */
		6E1CB68188EEF9972B2E152C /* Pods_DartsConnectUITests.framework in Frameworks */ = {isa = PBXBuildFile; fileRef = 99142D2D251279477E4CF819 /* Pods_DartsConnectUITests.framework */; };
		762471BF4062A2142758BEE1 /* Pods_DartsConnectTests.framework in Frameworks */ = {isa = PBXBuildFile; fileRef = FB9F05D2A1C1B59106AFE368 /* Pods_DartsConnectTests.framework */; };
		AA2A3F4D1CACA696001DC9E5 /* Game.swift in Sources */ = {isa = PBXBuildFile; fileRef = AA2A3F4C1CACA696001DC9E5 /* Game.swift */; };
		AA2A3F531CACA8A5001DC9E5 /* Connector.swift in Sources */ = {isa = PBXBuildFile; fileRef = AA2A3F521CACA8A5001DC9E5 /* Connector.swift */; };
		AA2A3F581CACAE90001DC9E5 /* Player.swift in Sources */ = {isa = PBXBuildFile; fileRef = AA2A3F571CACAE90001DC9E5 /* Player.swift */; };
		AA2A3F5C1CACAED2001DC9E5 /* CountdownPlayer.swift in Sources */ = {isa = PBXBuildFile; fileRef = AA2A3F5B1CACAED2001DC9E5 /* CountdownPlayer.swift */; };
		AA2A3F5E1CACAED8001DC9E5 /* CountdownGame.swift in Sources */ = {isa = PBXBuildFile; fileRef = AA2A3F5D1CACAED8001DC9E5 /* CountdownGame.swift */; };
		AA2A3F601CACAEE3001DC9E5 /* CricketPlayer.swift in Sources */ = {isa = PBXBuildFile; fileRef = AA2A3F5F1CACAEE3001DC9E5 /* CricketPlayer.swift */; };
		AA2A3F621CACAEEA001DC9E5 /* CricketGame.swift in Sources */ = {isa = PBXBuildFile; fileRef = AA2A3F611CACAEEA001DC9E5 /* CricketGame.swift */; };
		AA4A875E1CE8501D003C0371 /* DatabaseManager.swift in Sources */ = {isa = PBXBuildFile; fileRef = AA4A875D1CE8501D003C0371 /* DatabaseManager.swift */; };
		AA7054A31C6F0B2800D9152A /* AppDelegate.swift in Sources */ = {isa = PBXBuildFile; fileRef = AA7054A21C6F0B2800D9152A /* AppDelegate.swift */; };
		AA7054A51C6F0B2800D9152A /* ViewController.swift in Sources */ = {isa = PBXBuildFile; fileRef = AA7054A41C6F0B2800D9152A /* ViewController.swift */; };
		AA7054A81C6F0B2800D9152A /* DartsConnect.xcdatamodeld in Sources */ = {isa = PBXBuildFile; fileRef = AA7054A61C6F0B2800D9152A /* DartsConnect.xcdatamodeld */; };
		AA7054AB1C6F0B2800D9152A /* Main.storyboard in Resources */ = {isa = PBXBuildFile; fileRef = AA7054A91C6F0B2800D9152A /* Main.storyboard */; };
		AA7054AD1C6F0B2800D9152A /* Assets.xcassets in Resources */ = {isa = PBXBuildFile; fileRef = AA7054AC1C6F0B2800D9152A /* Assets.xcassets */; };
		AA7054B81C6F0B2900D9152A /* DartsConnectTests.swift in Sources */ = {isa = PBXBuildFile; fileRef = AA7054B71C6F0B2900D9152A /* DartsConnectTests.swift */; };
		AA7054C31C6F0B2900D9152A /* DartsConnectUITests.swift in Sources */ = {isa = PBXBuildFile; fileRef = AA7054C21C6F0B2900D9152A /* DartsConnectUITests.swift */; };
		AA7054D11C6F166000D9152A /* SideMenuView.swift in Sources */ = {isa = PBXBuildFile; fileRef = AA7054D01C6F166000D9152A /* SideMenuView.swift */; };
		AA73A3501CD3390F00760A8E /* GlobalVariables.swift in Sources */ = {isa = PBXBuildFile; fileRef = AA73A34F1CD3390F00760A8E /* GlobalVariables.swift */; };
		AA740B721CC48E0F0070F776 /* BonjourManager.swift in Sources */ = {isa = PBXBuildFile; fileRef = AA740B711CC48E0F0070F776 /* BonjourManager.swift */; };
		AA740B781CC4C0210070F776 /* BonjourBrowserService.m in Sources */ = {isa = PBXBuildFile; fileRef = AA740B751CC4C0210070F776 /* BonjourBrowserService.m */; };
		AA740B791CC4C0210070F776 /* BonjourResolverService.m in Sources */ = {isa = PBXBuildFile; fileRef = AA740B771CC4C0210070F776 /* BonjourResolverService.m */; };
		AAC134711CB205FF003740AA /* Constants.swift in Sources */ = {isa = PBXBuildFile; fileRef = AAC134701CB205FF003740AA /* Constants.swift */; };
		AAC134731CB38263003740AA /* GameViewController.swift in Sources */ = {isa = PBXBuildFile; fileRef = AAC134721CB38263003740AA /* GameViewController.swift */; };
		AAC134751CB3835D003740AA /* PlayersBar.swift in Sources */ = {isa = PBXBuildFile; fileRef = AAC134741CB3835D003740AA /* PlayersBar.swift */; };
		AAC134771CB38396003740AA /* ScoresSideBar.swift in Sources */ = {isa = PBXBuildFile; fileRef = AAC134761CB38396003740AA /* ScoresSideBar.swift */; };
		E36704FBD90375AE3B7627AC /* Pods_DartsConnect.framework in Frameworks */ = {isa = PBXBuildFile; fileRef = 7C6597EAE9D9EB88C3CC3A6E /* Pods_DartsConnect.framework */; };
/* End PBXBuildFile section */

/* Begin PBXContainerItemProxy section */
		AA7054B41C6F0B2900D9152A /* PBXContainerItemProxy */ = {
			isa = PBXContainerItemProxy;
			containerPortal = AA7054971C6F0B2800D9152A /* Project object */;
			proxyType = 1;
			remoteGlobalIDString = AA70549E1C6F0B2800D9152A;
			remoteInfo = DartsConnect;
		};
		AA7054BF1C6F0B2900D9152A /* PBXContainerItemProxy */ = {
			isa = PBXContainerItemProxy;
			containerPortal = AA7054971C6F0B2800D9152A /* Project object */;
			proxyType = 1;
			remoteGlobalIDString = AA70549E1C6F0B2800D9152A;
			remoteInfo = DartsConnect;
		};
/* End PBXContainerItemProxy section */

/* Begin PBXFileReference section */
		23B0411E4BA822456A89B94C /* Pods-DartsConnect.debug.xcconfig */ = {isa = PBXFileReference; includeInIndex = 1; lastKnownFileType = text.xcconfig; name = "Pods-DartsConnect.debug.xcconfig"; path = "Pods/Target Support Files/Pods-DartsConnect/Pods-DartsConnect.debug.xcconfig"; sourceTree = "<group>"; };
		33A4951E77A3BAD85BD940CC /* Pods-DartsConnectUITests.debug.xcconfig */ = {isa = PBXFileReference; includeInIndex = 1; lastKnownFileType = text.xcconfig; name = "Pods-DartsConnectUITests.debug.xcconfig"; path = "Pods/Target Support Files/Pods-DartsConnectUITests/Pods-DartsConnectUITests.debug.xcconfig"; sourceTree = "<group>"; };
		4EDEFA620D8C505B73203A46 /* Pods-DartsConnectTests.release.xcconfig */ = {isa = PBXFileReference; includeInIndex = 1; lastKnownFileType = text.xcconfig; name = "Pods-DartsConnectTests.release.xcconfig"; path = "Pods/Target Support Files/Pods-DartsConnectTests/Pods-DartsConnectTests.release.xcconfig"; sourceTree = "<group>"; };
		5E02A38DA2035CEB084274A4 /* Pods-DartsConnect.release.xcconfig */ = {isa = PBXFileReference; includeInIndex = 1; lastKnownFileType = text.xcconfig; name = "Pods-DartsConnect.release.xcconfig"; path = "Pods/Target Support Files/Pods-DartsConnect/Pods-DartsConnect.release.xcconfig"; sourceTree = "<group>"; };
		7C6597EAE9D9EB88C3CC3A6E /* Pods_DartsConnect.framework */ = {isa = PBXFileReference; explicitFileType = wrapper.framework; includeInIndex = 0; path = Pods_DartsConnect.framework; sourceTree = BUILT_PRODUCTS_DIR; };
		99142D2D251279477E4CF819 /* Pods_DartsConnectUITests.framework */ = {isa = PBXFileReference; explicitFileType = wrapper.framework; includeInIndex = 0; path = Pods_DartsConnectUITests.framework; sourceTree = BUILT_PRODUCTS_DIR; };
		AA2A3F4C1CACA696001DC9E5 /* Game.swift */ = {isa = PBXFileReference; fileEncoding = 4; lastKnownFileType = sourcecode.swift; path = Game.swift; sourceTree = "<group>"; };
		AA2A3F521CACA8A5001DC9E5 /* Connector.swift */ = {isa = PBXFileReference; fileEncoding = 4; lastKnownFileType = sourcecode.swift; path = Connector.swift; sourceTree = "<group>"; };
		AA2A3F571CACAE90001DC9E5 /* Player.swift */ = {isa = PBXFileReference; fileEncoding = 4; lastKnownFileType = sourcecode.swift; path = Player.swift; sourceTree = "<group>"; };
		AA2A3F5B1CACAED2001DC9E5 /* CountdownPlayer.swift */ = {isa = PBXFileReference; fileEncoding = 4; lastKnownFileType = sourcecode.swift; path = CountdownPlayer.swift; sourceTree = "<group>"; };
		AA2A3F5D1CACAED8001DC9E5 /* CountdownGame.swift */ = {isa = PBXFileReference; fileEncoding = 4; lastKnownFileType = sourcecode.swift; path = CountdownGame.swift; sourceTree = "<group>"; };
		AA2A3F5F1CACAEE3001DC9E5 /* CricketPlayer.swift */ = {isa = PBXFileReference; fileEncoding = 4; lastKnownFileType = sourcecode.swift; path = CricketPlayer.swift; sourceTree = "<group>"; };
		AA2A3F611CACAEEA001DC9E5 /* CricketGame.swift */ = {isa = PBXFileReference; fileEncoding = 4; lastKnownFileType = sourcecode.swift; path = CricketGame.swift; sourceTree = "<group>"; };
		AA4A875D1CE8501D003C0371 /* DatabaseManager.swift */ = {isa = PBXFileReference; fileEncoding = 4; lastKnownFileType = sourcecode.swift; path = DatabaseManager.swift; sourceTree = "<group>"; };
		AA70549F1C6F0B2800D9152A /* DartsConnect.app */ = {isa = PBXFileReference; explicitFileType = wrapper.application; includeInIndex = 0; path = DartsConnect.app; sourceTree = BUILT_PRODUCTS_DIR; };
		AA7054A21C6F0B2800D9152A /* AppDelegate.swift */ = {isa = PBXFileReference; lastKnownFileType = sourcecode.swift; path = AppDelegate.swift; sourceTree = "<group>"; };
		AA7054A41C6F0B2800D9152A /* ViewController.swift */ = {isa = PBXFileReference; lastKnownFileType = sourcecode.swift; path = ViewController.swift; sourceTree = "<group>"; };
		AA7054A71C6F0B2800D9152A /* DartsConnect.xcdatamodel */ = {isa = PBXFileReference; lastKnownFileType = wrapper.xcdatamodel; path = DartsConnect.xcdatamodel; sourceTree = "<group>"; };
		AA7054AA1C6F0B2800D9152A /* Base */ = {isa = PBXFileReference; lastKnownFileType = file.storyboard; name = Base; path = Base.lproj/Main.storyboard; sourceTree = "<group>"; };
		AA7054AC1C6F0B2800D9152A /* Assets.xcassets */ = {isa = PBXFileReference; lastKnownFileType = folder.assetcatalog; path = Assets.xcassets; sourceTree = "<group>"; };
		AA7054AE1C6F0B2800D9152A /* Info.plist */ = {isa = PBXFileReference; lastKnownFileType = text.plist.xml; path = Info.plist; sourceTree = "<group>"; };
		AA7054B31C6F0B2900D9152A /* DartsConnectTests.xctest */ = {isa = PBXFileReference; explicitFileType = wrapper.cfbundle; includeInIndex = 0; path = DartsConnectTests.xctest; sourceTree = BUILT_PRODUCTS_DIR; };
		AA7054B71C6F0B2900D9152A /* DartsConnectTests.swift */ = {isa = PBXFileReference; lastKnownFileType = sourcecode.swift; path = DartsConnectTests.swift; sourceTree = "<group>"; };
		AA7054B91C6F0B2900D9152A /* Info.plist */ = {isa = PBXFileReference; lastKnownFileType = text.plist.xml; path = Info.plist; sourceTree = "<group>"; };
		AA7054BE1C6F0B2900D9152A /* DartsConnectUITests.xctest */ = {isa = PBXFileReference; explicitFileType = wrapper.cfbundle; includeInIndex = 0; path = DartsConnectUITests.xctest; sourceTree = BUILT_PRODUCTS_DIR; };
		AA7054C21C6F0B2900D9152A /* DartsConnectUITests.swift */ = {isa = PBXFileReference; lastKnownFileType = sourcecode.swift; path = DartsConnectUITests.swift; sourceTree = "<group>"; };
		AA7054C41C6F0B2900D9152A /* Info.plist */ = {isa = PBXFileReference; lastKnownFileType = text.plist.xml; path = Info.plist; sourceTree = "<group>"; };
		AA7054D01C6F166000D9152A /* SideMenuView.swift */ = {isa = PBXFileReference; fileEncoding = 4; lastKnownFileType = sourcecode.swift; path = SideMenuView.swift; sourceTree = "<group>"; };
		AA73A34F1CD3390F00760A8E /* GlobalVariables.swift */ = {isa = PBXFileReference; fileEncoding = 4; lastKnownFileType = sourcecode.swift; path = GlobalVariables.swift; sourceTree = "<group>"; };
		AA740B711CC48E0F0070F776 /* BonjourManager.swift */ = {isa = PBXFileReference; fileEncoding = 4; lastKnownFileType = sourcecode.swift; path = BonjourManager.swift; sourceTree = "<group>"; };
		AA740B731CC4C0200070F776 /* DartsConnect-Bridging-Header.h */ = {isa = PBXFileReference; lastKnownFileType = sourcecode.c.h; name = "DartsConnect-Bridging-Header.h"; path = "Connector/DartsConnect-Bridging-Header.h"; sourceTree = "<group>"; };
		AA740B741CC4C0210070F776 /* BonjourBrowserService.h */ = {isa = PBXFileReference; fileEncoding = 4; lastKnownFileType = sourcecode.c.h; path = BonjourBrowserService.h; sourceTree = "<group>"; };
		AA740B751CC4C0210070F776 /* BonjourBrowserService.m */ = {isa = PBXFileReference; fileEncoding = 4; lastKnownFileType = sourcecode.c.objc; path = BonjourBrowserService.m; sourceTree = "<group>"; };
		AA740B761CC4C0210070F776 /* BonjourResolverService.h */ = {isa = PBXFileReference; fileEncoding = 4; lastKnownFileType = sourcecode.c.h; path = BonjourResolverService.h; sourceTree = "<group>"; };
		AA740B771CC4C0210070F776 /* BonjourResolverService.m */ = {isa = PBXFileReference; fileEncoding = 4; lastKnownFileType = sourcecode.c.objc; path = BonjourResolverService.m; sourceTree = "<group>"; };
		AAC1346F1CB2035F003740AA /* MyPlayground.playground */ = {isa = PBXFileReference; lastKnownFileType = file.playground; path = MyPlayground.playground; sourceTree = "<group>"; };
		AAC134701CB205FF003740AA /* Constants.swift */ = {isa = PBXFileReference; fileEncoding = 4; lastKnownFileType = sourcecode.swift; path = Constants.swift; sourceTree = "<group>"; };
		AAC134721CB38263003740AA /* GameViewController.swift */ = {isa = PBXFileReference; fileEncoding = 4; lastKnownFileType = sourcecode.swift; path = GameViewController.swift; sourceTree = "<group>"; };
		AAC134741CB3835D003740AA /* PlayersBar.swift */ = {isa = PBXFileReference; fileEncoding = 4; lastKnownFileType = sourcecode.swift; path = PlayersBar.swift; sourceTree = "<group>"; };
		AAC134761CB38396003740AA /* ScoresSideBar.swift */ = {isa = PBXFileReference; fileEncoding = 4; lastKnownFileType = sourcecode.swift; path = ScoresSideBar.swift; sourceTree = "<group>"; };
		AF1BBBFB547AF456D3F13E8A /* Pods-DartsConnectUITests.release.xcconfig */ = {isa = PBXFileReference; includeInIndex = 1; lastKnownFileType = text.xcconfig; name = "Pods-DartsConnectUITests.release.xcconfig"; path = "Pods/Target Support Files/Pods-DartsConnectUITests/Pods-DartsConnectUITests.release.xcconfig"; sourceTree = "<group>"; };
		CB2746C3DD11629BDB4D2111 /* Pods-DartsConnectTests.debug.xcconfig */ = {isa = PBXFileReference; includeInIndex = 1; lastKnownFileType = text.xcconfig; name = "Pods-DartsConnectTests.debug.xcconfig"; path = "Pods/Target Support Files/Pods-DartsConnectTests/Pods-DartsConnectTests.debug.xcconfig"; sourceTree = "<group>"; };
		FB9F05D2A1C1B59106AFE368 /* Pods_DartsConnectTests.framework */ = {isa = PBXFileReference; explicitFileType = wrapper.framework; includeInIndex = 0; path = Pods_DartsConnectTests.framework; sourceTree = BUILT_PRODUCTS_DIR; };
/* End PBXFileReference section */

/* Begin PBXFrameworksBuildPhase section */
		AA70549C1C6F0B2800D9152A /* Frameworks */ = {
			isa = PBXFrameworksBuildPhase;
			buildActionMask = 2147483647;
			files = (
				E36704FBD90375AE3B7627AC /* Pods_DartsConnect.framework in Frameworks */,
			);
			runOnlyForDeploymentPostprocessing = 0;
		};
		AA7054B01C6F0B2900D9152A /* Frameworks */ = {
			isa = PBXFrameworksBuildPhase;
			buildActionMask = 2147483647;
			files = (
				762471BF4062A2142758BEE1 /* Pods_DartsConnectTests.framework in Frameworks */,
			);
			runOnlyForDeploymentPostprocessing = 0;
		};
		AA7054BB1C6F0B2900D9152A /* Frameworks */ = {
			isa = PBXFrameworksBuildPhase;
			buildActionMask = 2147483647;
			files = (
				6E1CB68188EEF9972B2E152C /* Pods_DartsConnectUITests.framework in Frameworks */,
			);
			runOnlyForDeploymentPostprocessing = 0;
		};
/* End PBXFrameworksBuildPhase section */

/* Begin PBXGroup section */
		7DA4C66DA222A4D80918DD6C /* Frameworks */ = {
			isa = PBXGroup;
			children = (
				7C6597EAE9D9EB88C3CC3A6E /* Pods_DartsConnect.framework */,
				FB9F05D2A1C1B59106AFE368 /* Pods_DartsConnectTests.framework */,
				99142D2D251279477E4CF819 /* Pods_DartsConnectUITests.framework */,
			);
			name = Frameworks;
			sourceTree = "<group>";
		};
		AA2A3F491CACA67D001DC9E5 /* Games */ = {
			isa = PBXGroup;
			children = (
				AA2A3F4A1CACA67D001DC9E5 /* Countdown */,
				AA2A3F4B1CACA67D001DC9E5 /* Cricket */,
				AA2A3F4C1CACA696001DC9E5 /* Game.swift */,
				AA2A3F571CACAE90001DC9E5 /* Player.swift */,
			);
			path = Games;
			sourceTree = "<group>";
		};
		AA2A3F4A1CACA67D001DC9E5 /* Countdown */ = {
			isa = PBXGroup;
			children = (
				AA2A3F5B1CACAED2001DC9E5 /* CountdownPlayer.swift */,
				AA2A3F5D1CACAED8001DC9E5 /* CountdownGame.swift */,
			);
			path = Countdown;
			sourceTree = "<group>";
		};
		AA2A3F4B1CACA67D001DC9E5 /* Cricket */ = {
			isa = PBXGroup;
			children = (
				AA2A3F5F1CACAEE3001DC9E5 /* CricketPlayer.swift */,
				AA2A3F611CACAEEA001DC9E5 /* CricketGame.swift */,
			);
			path = Cricket;
			sourceTree = "<group>";
		};
		AA2A3F511CACA8A5001DC9E5 /* Connector */ = {
			isa = PBXGroup;
			children = (
				AA2A3F521CACA8A5001DC9E5 /* Connector.swift */,
				AA740B711CC48E0F0070F776 /* BonjourManager.swift */,
				AA4A875D1CE8501D003C0371 /* DatabaseManager.swift */,
				AA740B741CC4C0210070F776 /* BonjourBrowserService.h */,
				AA740B751CC4C0210070F776 /* BonjourBrowserService.m */,
				AA740B761CC4C0210070F776 /* BonjourResolverService.h */,
				AA740B771CC4C0210070F776 /* BonjourResolverService.m */,
			);
			path = Connector;
			sourceTree = "<group>";
		};
		AA7054961C6F0B2800D9152A = {
			isa = PBXGroup;
			children = (
				AA7054A11C6F0B2800D9152A /* DartsConnect */,
				AA7054B61C6F0B2900D9152A /* DartsConnectTests */,
				AA7054C11C6F0B2900D9152A /* DartsConnectUITests */,
				AA7054A01C6F0B2800D9152A /* Products */,
				FCD6A76C95ADF9EB15521D2A /* Pods */,
				7DA4C66DA222A4D80918DD6C /* Frameworks */,
			);
			sourceTree = "<group>";
		};
		AA7054A01C6F0B2800D9152A /* Products */ = {
			isa = PBXGroup;
			children = (
				AA70549F1C6F0B2800D9152A /* DartsConnect.app */,
				AA7054B31C6F0B2900D9152A /* DartsConnectTests.xctest */,
				AA7054BE1C6F0B2900D9152A /* DartsConnectUITests.xctest */,
			);
			name = Products;
			sourceTree = "<group>";
		};
		AA7054A11C6F0B2800D9152A /* DartsConnect */ = {
			isa = PBXGroup;
			children = (
				AA740B731CC4C0200070F776 /* DartsConnect-Bridging-Header.h */,
				AA7054A21C6F0B2800D9152A /* AppDelegate.swift */,
				AAC134701CB205FF003740AA /* Constants.swift */,
				AAC1346F1CB2035F003740AA /* MyPlayground.playground */,
				AA7054A91C6F0B2800D9152A /* Main.storyboard */,
				AA73A34F1CD3390F00760A8E /* GlobalVariables.swift */,
				AAC134791CB4A2B7003740AA /* MainViewController */,
				AAC134781CB4A2A6003740AA /* GameViewController */,
				AA2A3F511CACA8A5001DC9E5 /* Connector */,
				AA2A3F491CACA67D001DC9E5 /* Games */,
				AA7054AC1C6F0B2800D9152A /* Assets.xcassets */,
				AA7054AE1C6F0B2800D9152A /* Info.plist */,
				AA7054A61C6F0B2800D9152A /* DartsConnect.xcdatamodeld */,
			);
			path = DartsConnect;
			sourceTree = "<group>";
		};
		AA7054B61C6F0B2900D9152A /* DartsConnectTests */ = {
			isa = PBXGroup;
			children = (
				AA7054B71C6F0B2900D9152A /* DartsConnectTests.swift */,
				AA7054B91C6F0B2900D9152A /* Info.plist */,
			);
			path = DartsConnectTests;
			sourceTree = "<group>";
		};
		AA7054C11C6F0B2900D9152A /* DartsConnectUITests */ = {
			isa = PBXGroup;
			children = (
				AA7054C21C6F0B2900D9152A /* DartsConnectUITests.swift */,
				AA7054C41C6F0B2900D9152A /* Info.plist */,
			);
			path = DartsConnectUITests;
			sourceTree = "<group>";
		};
		AAC134781CB4A2A6003740AA /* GameViewController */ = {
			isa = PBXGroup;
			children = (
				AAC134721CB38263003740AA /* GameViewController.swift */,
				AAC134741CB3835D003740AA /* PlayersBar.swift */,
				AAC134761CB38396003740AA /* ScoresSideBar.swift */,
			);
			name = GameViewController;
			sourceTree = "<group>";
		};
		AAC134791CB4A2B7003740AA /* MainViewController */ = {
			isa = PBXGroup;
			children = (
				AA7054A41C6F0B2800D9152A /* ViewController.swift */,
				AA7054D01C6F166000D9152A /* SideMenuView.swift */,
			);
			name = MainViewController;
			sourceTree = "<group>";
		};
		FCD6A76C95ADF9EB15521D2A /* Pods */ = {
			isa = PBXGroup;
			children = (
				23B0411E4BA822456A89B94C /* Pods-DartsConnect.debug.xcconfig */,
				5E02A38DA2035CEB084274A4 /* Pods-DartsConnect.release.xcconfig */,
				CB2746C3DD11629BDB4D2111 /* Pods-DartsConnectTests.debug.xcconfig */,
				4EDEFA620D8C505B73203A46 /* Pods-DartsConnectTests.release.xcconfig */,
				33A4951E77A3BAD85BD940CC /* Pods-DartsConnectUITests.debug.xcconfig */,
				AF1BBBFB547AF456D3F13E8A /* Pods-DartsConnectUITests.release.xcconfig */,
			);
			name = Pods;
			sourceTree = "<group>";
		};
/* End PBXGroup section */

/* Begin PBXNativeTarget section */
		AA70549E1C6F0B2800D9152A /* DartsConnect */ = {
			isa = PBXNativeTarget;
			buildConfigurationList = AA7054C71C6F0B2900D9152A /* Build configuration list for PBXNativeTarget "DartsConnect" */;
			buildPhases = (
				932CF47FE8CDB26FF23957C1 /* Check Pods Manifest.lock */,
				AA70549B1C6F0B2800D9152A /* Sources */,
				AA70549C1C6F0B2800D9152A /* Frameworks */,
				AA70549D1C6F0B2800D9152A /* Resources */,
				2706723AF4E6F481067D2AF0 /* Embed Pods Frameworks */,
				B30374DCF5392E35178B050C /* Copy Pods Resources */,
			);
			buildRules = (
			);
			dependencies = (
			);
			name = DartsConnect;
			productName = DartsConnect;
			productReference = AA70549F1C6F0B2800D9152A /* DartsConnect.app */;
			productType = "com.apple.product-type.application";
		};
		AA7054B21C6F0B2900D9152A /* DartsConnectTests */ = {
			isa = PBXNativeTarget;
			buildConfigurationList = AA7054CA1C6F0B2900D9152A /* Build configuration list for PBXNativeTarget "DartsConnectTests" */;
			buildPhases = (
				49D789C26AD62CEED85D8490 /* Check Pods Manifest.lock */,
				AA7054AF1C6F0B2900D9152A /* Sources */,
				AA7054B01C6F0B2900D9152A /* Frameworks */,
				AA7054B11C6F0B2900D9152A /* Resources */,
				29469CAF1B6B916FA684660F /* Embed Pods Frameworks */,
				373126153330AE8021988F59 /* Copy Pods Resources */,
			);
			buildRules = (
			);
			dependencies = (
				AA7054B51C6F0B2900D9152A /* PBXTargetDependency */,
			);
			name = DartsConnectTests;
			productName = DartsConnectTests;
			productReference = AA7054B31C6F0B2900D9152A /* DartsConnectTests.xctest */;
			productType = "com.apple.product-type.bundle.unit-test";
		};
		AA7054BD1C6F0B2900D9152A /* DartsConnectUITests */ = {
			isa = PBXNativeTarget;
			buildConfigurationList = AA7054CD1C6F0B2900D9152A /* Build configuration list for PBXNativeTarget "DartsConnectUITests" */;
			buildPhases = (
				7418AEB33EA67662FBA92F9A /* Check Pods Manifest.lock */,
				AA7054BA1C6F0B2900D9152A /* Sources */,
				AA7054BB1C6F0B2900D9152A /* Frameworks */,
				AA7054BC1C6F0B2900D9152A /* Resources */,
				2B95E0FBC1B57380D8BDDB35 /* Copy Pods Resources */,
			);
			buildRules = (
			);
			dependencies = (
				AA7054C01C6F0B2900D9152A /* PBXTargetDependency */,
			);
			name = DartsConnectUITests;
			productName = DartsConnectUITests;
			productReference = AA7054BE1C6F0B2900D9152A /* DartsConnectUITests.xctest */;
			productType = "com.apple.product-type.bundle.ui-testing";
		};
/* End PBXNativeTarget section */

/* Begin PBXProject section */
		AA7054971C6F0B2800D9152A /* Project object */ = {
			isa = PBXProject;
			attributes = {
				LastSwiftUpdateCheck = 0730;
				LastUpgradeCheck = 0720;
				ORGANIZATIONNAME = "Jordan Lewis";
				TargetAttributes = {
					AA70549E1C6F0B2800D9152A = {
						CreatedOnToolsVersion = 7.2.1;
						DevelopmentTeam = HK8873TG3L;
					};
					AA7054B21C6F0B2900D9152A = {
						CreatedOnToolsVersion = 7.2.1;
						TestTargetID = AA70549E1C6F0B2800D9152A;
					};
					AA7054BD1C6F0B2900D9152A = {
						CreatedOnToolsVersion = 7.2.1;
						TestTargetID = AA70549E1C6F0B2800D9152A;
					};
				};
			};
			buildConfigurationList = AA70549A1C6F0B2800D9152A /* Build configuration list for PBXProject "DartsConnect" */;
			compatibilityVersion = "Xcode 3.2";
			developmentRegion = English;
			hasScannedForEncodings = 0;
			knownRegions = (
				en,
				Base,
			);
			mainGroup = AA7054961C6F0B2800D9152A;
			productRefGroup = AA7054A01C6F0B2800D9152A /* Products */;
			projectDirPath = "";
			projectRoot = "";
			targets = (
				AA70549E1C6F0B2800D9152A /* DartsConnect */,
				AA7054B21C6F0B2900D9152A /* DartsConnectTests */,
				AA7054BD1C6F0B2900D9152A /* DartsConnectUITests */,
			);
		};
/* End PBXProject section */

/* Begin PBXResourcesBuildPhase section */
		AA70549D1C6F0B2800D9152A /* Resources */ = {
			isa = PBXResourcesBuildPhase;
			buildActionMask = 2147483647;
			files = (
				AA7054AD1C6F0B2800D9152A /* Assets.xcassets in Resources */,
				AA7054AB1C6F0B2800D9152A /* Main.storyboard in Resources */,
			);
			runOnlyForDeploymentPostprocessing = 0;
		};
		AA7054B11C6F0B2900D9152A /* Resources */ = {
			isa = PBXResourcesBuildPhase;
			buildActionMask = 2147483647;
			files = (
			);
			runOnlyForDeploymentPostprocessing = 0;
		};
		AA7054BC1C6F0B2900D9152A /* Resources */ = {
			isa = PBXResourcesBuildPhase;
			buildActionMask = 2147483647;
			files = (
			);
			runOnlyForDeploymentPostprocessing = 0;
		};
/* End PBXResourcesBuildPhase section */

/* Begin PBXShellScriptBuildPhase section */
		2706723AF4E6F481067D2AF0 /* Embed Pods Frameworks */ = {
			isa = PBXShellScriptBuildPhase;
			buildActionMask = 2147483647;
			files = (
			);
			inputPaths = (
			);
			name = "Embed Pods Frameworks";
			outputPaths = (
			);
			runOnlyForDeploymentPostprocessing = 0;
			shellPath = /bin/sh;
			shellScript = "\"${SRCROOT}/Pods/Target Support Files/Pods-DartsConnect/Pods-DartsConnect-frameworks.sh\"\n";
			showEnvVarsInLog = 0;
		};
		29469CAF1B6B916FA684660F /* Embed Pods Frameworks */ = {
			isa = PBXShellScriptBuildPhase;
			buildActionMask = 2147483647;
			files = (
			);
			inputPaths = (
			);
			name = "Embed Pods Frameworks";
			outputPaths = (
			);
			runOnlyForDeploymentPostprocessing = 0;
			shellPath = /bin/sh;
			shellScript = "\"${SRCROOT}/Pods/Target Support Files/Pods-DartsConnectTests/Pods-DartsConnectTests-frameworks.sh\"\n";
			showEnvVarsInLog = 0;
		};
		2B95E0FBC1B57380D8BDDB35 /* Copy Pods Resources */ = {
			isa = PBXShellScriptBuildPhase;
			buildActionMask = 2147483647;
			files = (
			);
			inputPaths = (
			);
			name = "Copy Pods Resources";
			outputPaths = (
			);
			runOnlyForDeploymentPostprocessing = 0;
			shellPath = /bin/sh;
			shellScript = "\"${SRCROOT}/Pods/Target Support Files/Pods-DartsConnectUITests/Pods-DartsConnectUITests-resources.sh\"\n";
			showEnvVarsInLog = 0;
		};
		373126153330AE8021988F59 /* Copy Pods Resources */ = {
			isa = PBXShellScriptBuildPhase;
			buildActionMask = 2147483647;
			files = (
			);
			inputPaths = (
			);
			name = "Copy Pods Resources";
			outputPaths = (
			);
			runOnlyForDeploymentPostprocessing = 0;
			shellPath = /bin/sh;
			shellScript = "\"${SRCROOT}/Pods/Target Support Files/Pods-DartsConnectTests/Pods-DartsConnectTests-resources.sh\"\n";
			showEnvVarsInLog = 0;
		};
		49D789C26AD62CEED85D8490 /* Check Pods Manifest.lock */ = {
			isa = PBXShellScriptBuildPhase;
			buildActionMask = 2147483647;
			files = (
			);
			inputPaths = (
			);
			name = "Check Pods Manifest.lock";
			outputPaths = (
			);
			runOnlyForDeploymentPostprocessing = 0;
			shellPath = /bin/sh;
			shellScript = "diff \"${PODS_ROOT}/../Podfile.lock\" \"${PODS_ROOT}/Manifest.lock\" > /dev/null\nif [[ $? != 0 ]] ; then\n    cat << EOM\nerror: The sandbox is not in sync with the Podfile.lock. Run 'pod install' or update your CocoaPods installation.\nEOM\n    exit 1\nfi\n";
			showEnvVarsInLog = 0;
		};
		7418AEB33EA67662FBA92F9A /* Check Pods Manifest.lock */ = {
			isa = PBXShellScriptBuildPhase;
			buildActionMask = 2147483647;
			files = (
			);
			inputPaths = (
			);
			name = "Check Pods Manifest.lock";
			outputPaths = (
			);
			runOnlyForDeploymentPostprocessing = 0;
			shellPath = /bin/sh;
			shellScript = "diff \"${PODS_ROOT}/../Podfile.lock\" \"${PODS_ROOT}/Manifest.lock\" > /dev/null\nif [[ $? != 0 ]] ; then\n    cat << EOM\nerror: The sandbox is not in sync with the Podfile.lock. Run 'pod install' or update your CocoaPods installation.\nEOM\n    exit 1\nfi\n";
			showEnvVarsInLog = 0;
		};
		932CF47FE8CDB26FF23957C1 /* Check Pods Manifest.lock */ = {
			isa = PBXShellScriptBuildPhase;
			buildActionMask = 2147483647;
			files = (
			);
			inputPaths = (
			);
			name = "Check Pods Manifest.lock";
			outputPaths = (
			);
			runOnlyForDeploymentPostprocessing = 0;
			shellPath = /bin/sh;
			shellScript = "diff \"${PODS_ROOT}/../Podfile.lock\" \"${PODS_ROOT}/Manifest.lock\" > /dev/null\nif [[ $? != 0 ]] ; then\n    cat << EOM\nerror: The sandbox is not in sync with the Podfile.lock. Run 'pod install' or update your CocoaPods installation.\nEOM\n    exit 1\nfi\n";
			showEnvVarsInLog = 0;
		};
		B30374DCF5392E35178B050C /* Copy Pods Resources */ = {
			isa = PBXShellScriptBuildPhase;
			buildActionMask = 2147483647;
			files = (
			);
			inputPaths = (
			);
			name = "Copy Pods Resources";
			outputPaths = (
			);
			runOnlyForDeploymentPostprocessing = 0;
			shellPath = /bin/sh;
			shellScript = "\"${SRCROOT}/Pods/Target Support Files/Pods-DartsConnect/Pods-DartsConnect-resources.sh\"\n";
			showEnvVarsInLog = 0;
		};
/* End PBXShellScriptBuildPhase section */

/* Begin PBXSourcesBuildPhase section */
		AA70549B1C6F0B2800D9152A /* Sources */ = {
			isa = PBXSourcesBuildPhase;
			buildActionMask = 2147483647;
			files = (
				AA2A3F5E1CACAED8001DC9E5 /* CountdownGame.swift in Sources */,
				AA7054A81C6F0B2800D9152A /* DartsConnect.xcdatamodeld in Sources */,
				AA73A3501CD3390F00760A8E /* GlobalVariables.swift in Sources */,
				AA2A3F4D1CACA696001DC9E5 /* Game.swift in Sources */,
				AA7054A51C6F0B2800D9152A /* ViewController.swift in Sources */,
				AAC134731CB38263003740AA /* GameViewController.swift in Sources */,
				AA2A3F531CACA8A5001DC9E5 /* Connector.swift in Sources */,
				AA2A3F581CACAE90001DC9E5 /* Player.swift in Sources */,
				AA2A3F601CACAEE3001DC9E5 /* CricketPlayer.swift in Sources */,
				AA7054D11C6F166000D9152A /* SideMenuView.swift in Sources */,
				AA740B721CC48E0F0070F776 /* BonjourManager.swift in Sources */,
				AA2A3F5C1CACAED2001DC9E5 /* CountdownPlayer.swift in Sources */,
				AA4A875E1CE8501D003C0371 /* DatabaseManager.swift in Sources */,
				AA740B791CC4C0210070F776 /* BonjourResolverService.m in Sources */,
				AAC134751CB3835D003740AA /* PlayersBar.swift in Sources */,
				AA7054A31C6F0B2800D9152A /* AppDelegate.swift in Sources */,
				AA740B781CC4C0210070F776 /* BonjourBrowserService.m in Sources */,
				AA2A3F621CACAEEA001DC9E5 /* CricketGame.swift in Sources */,
				AAC134711CB205FF003740AA /* Constants.swift in Sources */,
				AAC134771CB38396003740AA /* ScoresSideBar.swift in Sources */,
			);
			runOnlyForDeploymentPostprocessing = 0;
		};
		AA7054AF1C6F0B2900D9152A /* Sources */ = {
			isa = PBXSourcesBuildPhase;
			buildActionMask = 2147483647;
			files = (
				AA7054B81C6F0B2900D9152A /* DartsConnectTests.swift in Sources */,
			);
			runOnlyForDeploymentPostprocessing = 0;
		};
		AA7054BA1C6F0B2900D9152A /* Sources */ = {
			isa = PBXSourcesBuildPhase;
			buildActionMask = 2147483647;
			files = (
				AA7054C31C6F0B2900D9152A /* DartsConnectUITests.swift in Sources */,
			);
			runOnlyForDeploymentPostprocessing = 0;
		};
/* End PBXSourcesBuildPhase section */

/* Begin PBXTargetDependency section */
		AA7054B51C6F0B2900D9152A /* PBXTargetDependency */ = {
			isa = PBXTargetDependency;
			target = AA70549E1C6F0B2800D9152A /* DartsConnect */;
			targetProxy = AA7054B41C6F0B2900D9152A /* PBXContainerItemProxy */;
		};
		AA7054C01C6F0B2900D9152A /* PBXTargetDependency */ = {
			isa = PBXTargetDependency;
			target = AA70549E1C6F0B2800D9152A /* DartsConnect */;
			targetProxy = AA7054BF1C6F0B2900D9152A /* PBXContainerItemProxy */;
		};
/* End PBXTargetDependency section */

/* Begin PBXVariantGroup section */
		AA7054A91C6F0B2800D9152A /* Main.storyboard */ = {
			isa = PBXVariantGroup;
			children = (
				AA7054AA1C6F0B2800D9152A /* Base */,
			);
			name = Main.storyboard;
			sourceTree = "<group>";
		};
/* End PBXVariantGroup section */

/* Begin XCBuildConfiguration section */
		AA7054C51C6F0B2900D9152A /* Debug */ = {
			isa = XCBuildConfiguration;
			buildSettings = {
				ALWAYS_SEARCH_USER_PATHS = NO;
				CLANG_CXX_LANGUAGE_STANDARD = "gnu++0x";
				CLANG_CXX_LIBRARY = "libc++";
				CLANG_ENABLE_MODULES = YES;
				CLANG_ENABLE_OBJC_ARC = YES;
				CLANG_WARN_BOOL_CONVERSION = YES;
				CLANG_WARN_CONSTANT_CONVERSION = YES;
				CLANG_WARN_DIRECT_OBJC_ISA_USAGE = YES_ERROR;
				CLANG_WARN_EMPTY_BODY = YES;
				CLANG_WARN_ENUM_CONVERSION = YES;
				CLANG_WARN_INT_CONVERSION = YES;
				CLANG_WARN_OBJC_ROOT_CLASS = YES_ERROR;
				CLANG_WARN_UNREACHABLE_CODE = YES;
				CLANG_WARN__DUPLICATE_METHOD_MATCH = YES;
				COPY_PHASE_STRIP = NO;
				DEBUG_INFORMATION_FORMAT = dwarf;
				ENABLE_STRICT_OBJC_MSGSEND = YES;
				ENABLE_TESTABILITY = YES;
				GCC_C_LANGUAGE_STANDARD = gnu99;
				GCC_DYNAMIC_NO_PIC = NO;
				GCC_NO_COMMON_BLOCKS = YES;
				GCC_OPTIMIZATION_LEVEL = 0;
				GCC_PREPROCESSOR_DEFINITIONS = (
					"DEBUG=1",
					"$(inherited)",
				);
				GCC_WARN_64_TO_32_BIT_CONVERSION = YES;
				GCC_WARN_ABOUT_RETURN_TYPE = YES_ERROR;
				GCC_WARN_UNDECLARED_SELECTOR = YES;
				GCC_WARN_UNINITIALIZED_AUTOS = YES_AGGRESSIVE;
				GCC_WARN_UNUSED_FUNCTION = YES;
				GCC_WARN_UNUSED_VARIABLE = YES;
				MTL_ENABLE_DEBUG_INFO = YES;
				ONLY_ACTIVE_ARCH = YES;
				SDKROOT = appletvos;
				SWIFT_OPTIMIZATION_LEVEL = "-Onone";
				TARGETED_DEVICE_FAMILY = 3;
				TVOS_DEPLOYMENT_TARGET = 9.1;
			};
			name = Debug;
		};
		AA7054C61C6F0B2900D9152A /* Release */ = {
			isa = XCBuildConfiguration;
			buildSettings = {
				ALWAYS_SEARCH_USER_PATHS = NO;
				CLANG_CXX_LANGUAGE_STANDARD = "gnu++0x";
				CLANG_CXX_LIBRARY = "libc++";
				CLANG_ENABLE_MODULES = YES;
				CLANG_ENABLE_OBJC_ARC = YES;
				CLANG_WARN_BOOL_CONVERSION = YES;
				CLANG_WARN_CONSTANT_CONVERSION = YES;
				CLANG_WARN_DIRECT_OBJC_ISA_USAGE = YES_ERROR;
				CLANG_WARN_EMPTY_BODY = YES;
				CLANG_WARN_ENUM_CONVERSION = YES;
				CLANG_WARN_INT_CONVERSION = YES;
				CLANG_WARN_OBJC_ROOT_CLASS = YES_ERROR;
				CLANG_WARN_UNREACHABLE_CODE = YES;
				CLANG_WARN__DUPLICATE_METHOD_MATCH = YES;
				COPY_PHASE_STRIP = NO;
				DEBUG_INFORMATION_FORMAT = "dwarf-with-dsym";
				ENABLE_NS_ASSERTIONS = NO;
				ENABLE_STRICT_OBJC_MSGSEND = YES;
				GCC_C_LANGUAGE_STANDARD = gnu99;
				GCC_NO_COMMON_BLOCKS = YES;
				GCC_WARN_64_TO_32_BIT_CONVERSION = YES;
				GCC_WARN_ABOUT_RETURN_TYPE = YES_ERROR;
				GCC_WARN_UNDECLARED_SELECTOR = YES;
				GCC_WARN_UNINITIALIZED_AUTOS = YES_AGGRESSIVE;
				GCC_WARN_UNUSED_FUNCTION = YES;
				GCC_WARN_UNUSED_VARIABLE = YES;
				MTL_ENABLE_DEBUG_INFO = NO;
				SDKROOT = appletvos;
				TARGETED_DEVICE_FAMILY = 3;
				TVOS_DEPLOYMENT_TARGET = 9.1;
				VALIDATE_PRODUCT = YES;
			};
			name = Release;
		};
		AA7054C81C6F0B2900D9152A /* Debug */ = {
			isa = XCBuildConfiguration;
			baseConfigurationReference = 23B0411E4BA822456A89B94C /* Pods-DartsConnect.debug.xcconfig */;
			buildSettings = {
				ASSETCATALOG_COMPILER_APPICON_NAME = "App Icon & Top Shelf Image";
				ASSETCATALOG_COMPILER_LAUNCHIMAGE_NAME = LaunchImage;
				CLANG_ENABLE_MODULES = YES;
				CODE_SIGN_IDENTITY = "iPhone Developer";
				INFOPLIST_FILE = DartsConnect/Info.plist;
				LD_RUNPATH_SEARCH_PATHS = "$(inherited) @executable_path/Frameworks";
				PRODUCT_BUNDLE_IDENTIFIER = com.AKIMURAOLEWIS.DartsConnect;
				PRODUCT_NAME = "$(TARGET_NAME)";
				SWIFT_OBJC_BRIDGING_HEADER = "DartsConnect/Connector/DartsConnect-Bridging-Header.h";
				SWIFT_OPTIMIZATION_LEVEL = "-Onone";
				TVOS_DEPLOYMENT_TARGET = 9.0;
			};
			name = Debug;
		};
		AA7054C91C6F0B2900D9152A /* Release */ = {
			isa = XCBuildConfiguration;
			baseConfigurationReference = 5E02A38DA2035CEB084274A4 /* Pods-DartsConnect.release.xcconfig */;
			buildSettings = {
				ASSETCATALOG_COMPILER_APPICON_NAME = "App Icon & Top Shelf Image";
				ASSETCATALOG_COMPILER_LAUNCHIMAGE_NAME = LaunchImage;
				CLANG_ENABLE_MODULES = YES;
				CODE_SIGN_IDENTITY = "iPhone Developer";
				INFOPLIST_FILE = DartsConnect/Info.plist;
				LD_RUNPATH_SEARCH_PATHS = "$(inherited) @executable_path/Frameworks";
				PRODUCT_BUNDLE_IDENTIFIER = com.AKIMURAOLEWIS.DartsConnect;
				PRODUCT_NAME = "$(TARGET_NAME)";
				SWIFT_OBJC_BRIDGING_HEADER = "DartsConnect/Connector/DartsConnect-Bridging-Header.h";
				TVOS_DEPLOYMENT_TARGET = 9.0;
			};
			name = Release;
		};
		AA7054CB1C6F0B2900D9152A /* Debug */ = {
			isa = XCBuildConfiguration;
			baseConfigurationReference = CB2746C3DD11629BDB4D2111 /* Pods-DartsConnectTests.debug.xcconfig */;
			buildSettings = {
				BUNDLE_LOADER = "$(TEST_HOST)";
				INFOPLIST_FILE = DartsConnectTests/Info.plist;
				LD_RUNPATH_SEARCH_PATHS = "$(inherited) @executable_path/Frameworks @loader_path/Frameworks";
				PRODUCT_BUNDLE_IDENTIFIER = com.AKIMURAOLEWIS.DartsConnectTests;
				PRODUCT_NAME = "$(TARGET_NAME)";
				TEST_HOST = "$(BUILT_PRODUCTS_DIR)/DartsConnect.app/DartsConnect";
			};
			name = Debug;
		};
		AA7054CC1C6F0B2900D9152A /* Release */ = {
			isa = XCBuildConfiguration;
			baseConfigurationReference = 4EDEFA620D8C505B73203A46 /* Pods-DartsConnectTests.release.xcconfig */;
			buildSettings = {
				BUNDLE_LOADER = "$(TEST_HOST)";
				INFOPLIST_FILE = DartsConnectTests/Info.plist;
				LD_RUNPATH_SEARCH_PATHS = "$(inherited) @executable_path/Frameworks @loader_path/Frameworks";
				PRODUCT_BUNDLE_IDENTIFIER = com.AKIMURAOLEWIS.DartsConnectTests;
				PRODUCT_NAME = "$(TARGET_NAME)";
				TEST_HOST = "$(BUILT_PRODUCTS_DIR)/DartsConnect.app/DartsConnect";
			};
			name = Release;
		};
		AA7054CE1C6F0B2900D9152A /* Debug */ = {
			isa = XCBuildConfiguration;
			baseConfigurationReference = 33A4951E77A3BAD85BD940CC /* Pods-DartsConnectUITests.debug.xcconfig */;
			buildSettings = {
				INFOPLIST_FILE = DartsConnectUITests/Info.plist;
				LD_RUNPATH_SEARCH_PATHS = "$(inherited) @executable_path/Frameworks @loader_path/Frameworks";
				PRODUCT_BUNDLE_IDENTIFIER = com.AKIMURAOLEWIS.DartsConnectUITests;
				PRODUCT_NAME = "$(TARGET_NAME)";
				TEST_TARGET_NAME = DartsConnect;
				USES_XCTRUNNER = YES;
			};
			name = Debug;
		};
		AA7054CF1C6F0B2900D9152A /* Release */ = {
			isa = XCBuildConfiguration;
			baseConfigurationReference = AF1BBBFB547AF456D3F13E8A /* Pods-DartsConnectUITests.release.xcconfig */;
			buildSettings = {
				INFOPLIST_FILE = DartsConnectUITests/Info.plist;
				LD_RUNPATH_SEARCH_PATHS = "$(inherited) @executable_path/Frameworks @loader_path/Frameworks";
				PRODUCT_BUNDLE_IDENTIFIER = com.AKIMURAOLEWIS.DartsConnectUITests;
				PRODUCT_NAME = "$(TARGET_NAME)";
				TEST_TARGET_NAME = DartsConnect;
				USES_XCTRUNNER = YES;
			};
			name = Release;
		};
/* End XCBuildConfiguration section */

/* Begin XCConfigurationList section */
		AA70549A1C6F0B2800D9152A /* Build configuration list for PBXProject "DartsConnect" */ = {
			isa = XCConfigurationList;
			buildConfigurations = (
				AA7054C51C6F0B2900D9152A /* Debug */,
				AA7054C61C6F0B2900D9152A /* Release */,
			);
			defaultConfigurationIsVisible = 0;
			defaultConfigurationName = Release;
		};
		AA7054C71C6F0B2900D9152A /* Build configuration list for PBXNativeTarget "DartsConnect" */ = {
			isa = XCConfigurationList;
			buildConfigurations = (
				AA7054C81C6F0B2900D9152A /* Debug */,
				AA7054C91C6F0B2900D9152A /* Release */,
			);
			defaultConfigurationIsVisible = 0;
			defaultConfigurationName = Release;
		};
		AA7054CA1C6F0B2900D9152A /* Build configuration list for PBXNativeTarget "DartsConnectTests" */ = {
			isa = XCConfigurationList;
			buildConfigurations = (
				AA7054CB1C6F0B2900D9152A /* Debug */,
				AA7054CC1C6F0B2900D9152A /* Release */,
			);
			defaultConfigurationIsVisible = 0;
			defaultConfigurationName = Release;
		};
		AA7054CD1C6F0B2900D9152A /* Build configuration list for PBXNativeTarget "DartsConnectUITests" */ = {
			isa = XCConfigurationList;
			buildConfigurations = (
				AA7054CE1C6F0B2900D9152A /* Debug */,
				AA7054CF1C6F0B2900D9152A /* Release */,
			);
			defaultConfigurationIsVisible = 0;
			defaultConfigurationName = Release;
		};
/* End XCConfigurationList section */

/* Begin XCVersionGroup section */
		AA7054A61C6F0B2800D9152A /* DartsConnect.xcdatamodeld */ = {
			isa = XCVersionGroup;
			children = (
				AA7054A71C6F0B2800D9152A /* DartsConnect.xcdatamodel */,
			);
			currentVersion = AA7054A71C6F0B2800D9152A /* DartsConnect.xcdatamodel */;
			path = DartsConnect.xcdatamodeld;
			sourceTree = "<group>";
			versionGroupType = wrapper.xcdatamodel;
		};
/* End XCVersionGroup section */
	};
	rootObject = AA7054971C6F0B2800D9152A /* Project object */;
}
